
Microsoft Visual Studio Solution File, Format Version 12.00
# Visual Studio Version 16
VisualStudioVersion = 16.0.29709.97
MinimumVisualStudioVersion = 10.0.40219.1
Project("{FAE04EC0-301F-11D3-BF4B-00C04F79EFBC}") = "ChloniumUI", "ChloniumUI\ChloniumUI.csproj", "{9994372D-836B-431B-BB28-3D2DAB589ECB}"
EndProject
Global
	GlobalSection(SolutionConfigurationPlatforms) = preSolution
		Debug|Any CPU = Debug|Any CPU
		Release|Any CPU = Release|Any CPU
	EndGlobalSection
	GlobalSection(ProjectConfigurationPlatforms) = postSolution
		{9994372D-836B-431B-BB28-3D2DAB589ECB}.Debug|Any CPU.ActiveCfg = Debug|Any CPU
		{9994372D-836B-431B-BB28-3D2DAB589ECB}.Debug|Any CPU.Build.0 = Debug|Any CPU
		{9994372D-836B-431B-BB28-3D2DAB589ECB}.Release|Any CPU.ActiveCfg = Release|Any CPU
		{9994372D-836B-431B-BB28-3D2DAB589ECB}.Release|Any CPU.Build.0 = Release|Any CPU
	EndGlobalSection
	GlobalSection(SolutionProperties) = preSolution
		HideSolutionNode = FALSE
	EndGlobalSection
	GlobalSection(ExtensibilityGlobals) = postSolution
		SolutionGuid = {749634AB-B2CD-4283-95E5-52D0C8311AD8}
	EndGlobalSection
EndGlobal
